# THIS IS AN AUTOGENERATED FILE. DO NOT EDIT THIS FILE DIRECTLY.
# yarn lockfile v1


"@ahrefs/bs-dotenv@^2.0.0":
  version "2.0.0"
  resolved "https://registry.yarnpkg.com/@ahrefs/bs-dotenv/-/bs-dotenv-2.0.0.tgz#ec7b2784efa8bb3cfa0ee295c290aafd88189569"
  integrity sha512-ajkym2nKhizjva0NawP8kORhsl9fAlfbF5r8cjk9EfJyuHmkl1G+A8G+P+dDUfR9BU8zD6RkcUyPChOgQUy/ww==

"@glennsl/bs-json@^5.0.1":
  version "5.0.1"
  resolved "https://registry.yarnpkg.com/@glennsl/bs-json/-/bs-json-5.0.1.tgz#b19d0b45f4a80d52e6bfefa032ac99f4548f3083"
  integrity sha512-tDxqeO4LCUz3HIwsdqyM4OIUk/bIV8QwDuhNbqy3hHIVEciePbJXTSyXMKsoIFs3ukQY8ZsQXskONtOK4TyLfA==

"@turf/area@^6.0.1":
  version "6.0.1"
  resolved "https://registry.yarnpkg.com/@turf/area/-/area-6.0.1.tgz#50ed63c70ef2bdb72952384f1594319d94f3b051"
  integrity sha512-Zv+3N1ep9P5JvR0YOYagLANyapGWQBh8atdeR3bKpWcigVXFsEKNUw03U/5xnh+cKzm7yozHD6MFJkqQv55y0g==
  dependencies:
    "@turf/helpers" "6.x"
    "@turf/meta" "6.x"

"@turf/bbox@6.x":
  version "6.0.1"
  resolved "https://registry.yarnpkg.com/@turf/bbox/-/bbox-6.0.1.tgz#b966075771475940ee1c16be2a12cf389e6e923a"
  integrity sha512-EGgaRLettBG25Iyx7VyUINsPpVj1x3nFQFiGS3ER8KCI1MximzNLsam3eXRabqQDjyAKyAE1bJ4EZEpGvspQxw==
  dependencies:
    "@turf/helpers" "6.x"
    "@turf/meta" "6.x"

"@turf/boolean-contains@^6.0.1":
  version "6.0.1"
  resolved "https://registry.yarnpkg.com/@turf/boolean-contains/-/boolean-contains-6.0.1.tgz#c3c583215fc5bda47ede51cf52d735ffdc1006a5"
  integrity sha512-usAexEdWu7dV43paowGSFEM0PljexnlOuj09HF/VDZwO3FKelwUovF2ymetYatuG7KcIYcexeNEkQ5qQnGExlw==
  dependencies:
    "@turf/bbox" "6.x"
    "@turf/boolean-point-in-polygon" "6.x"
    "@turf/boolean-point-on-line" "6.x"
    "@turf/helpers" "6.x"
    "@turf/invariant" "6.x"

"@turf/boolean-point-in-polygon@6.x", "@turf/boolean-point-in-polygon@^6.0.1":
  version "6.0.1"
  resolved "https://registry.yarnpkg.com/@turf/boolean-point-in-polygon/-/boolean-point-in-polygon-6.0.1.tgz#5836677afd77d2ee391af0056a0c29b660edfa32"
  integrity sha512-FKLOZ124vkJhjzNSDcqpwp2NvfnsbYoUOt5iAE7uskt4svix5hcjIEgX9sELFTJpbLGsD1mUbKdfns8tZxcMNg==
  dependencies:
    "@turf/helpers" "6.x"
    "@turf/invariant" "6.x"

"@turf/boolean-point-on-line@6.x":
  version "6.0.1"
  resolved "https://registry.yarnpkg.com/@turf/boolean-point-on-line/-/boolean-point-on-line-6.0.1.tgz#d943c242a5fdcde03f8ad0221750fd1aacf06223"
  integrity sha512-Vl724Tzh4CF/13kgblOAQnMcHagromCP1EfyJ9G/8SxpSoTYeY2G6FmmcpbW51GqKxC7xgM9+Pck50dun7oYkg==
  dependencies:
    "@turf/helpers" "6.x"
    "@turf/invariant" "6.x"

"@turf/helpers@6.x", "@turf/helpers@^6.1.4":
  version "6.1.4"
  resolved "https://registry.yarnpkg.com/@turf/helpers/-/helpers-6.1.4.tgz#d6fd7ebe6782dd9c87dca5559bda5c48ae4c3836"
  integrity sha512-vJvrdOZy1ngC7r3MDA7zIGSoIgyrkWcGnNIEaqn/APmw+bVLF2gAW7HIsdTxd12s5wQMqEpqIQrmrbRRZ0xC7g==

"@turf/invariant@6.x":
  version "6.1.2"
  resolved "https://registry.yarnpkg.com/@turf/invariant/-/invariant-6.1.2.tgz#6013ed6219f9ac2edada9b31e1dfa5918eb0a2f7"
  integrity sha512-WU08Ph8j0J2jVGlQCKChXoCtI50BB3yEH21V++V0T4cR1T27HKCxkehV2sYMwTierfMBgjwSwDIsxnR4/2mWXg==
  dependencies:
    "@turf/helpers" "6.x"

"@turf/meta@6.x":
  version "6.0.2"
  resolved "https://registry.yarnpkg.com/@turf/meta/-/meta-6.0.2.tgz#eb92951126d24a613ac1b7b99d733fcc20fd30cf"
  integrity sha512-VA7HJkx7qF1l3+GNGkDVn2oXy4+QoLP6LktXAaZKjuT1JI0YESat7quUkbCMy4zP9lAUuvS4YMslLyTtr919FA==
  dependencies:
    "@turf/helpers" "6.x"

bs-fetch@^0.5.0:
  version "0.5.0"
  resolved "https://registry.yarnpkg.com/bs-fetch/-/bs-fetch-0.5.0.tgz#6913b1d1ddfa0b0a4b832357854e9763d61d4b28"
  integrity sha512-cGjwRpyNcIaX+p2ssy/38zs7BM/miKNgmOR3NEhxKFete5mR05JcvjuV4raG89oGCG281SU1b56TTAKmf9VCug==

bs-platform@^7.0.1:
  version "7.0.1"
  resolved "https://registry.yarnpkg.com/bs-platform/-/bs-platform-7.0.1.tgz#1d7b0ef6088b998dceee5db74a7cd8f01c20a3bd"
  integrity sha512-UjStdtHhbtC/l6vKJ1XRDqrPk7rFf5PLYHtRX3akDXEYVnTbN36z0g4DEr5mU8S0N945e33HYts9x+i7hKKpZQ==

chroma-js@^2.1.0:
  version "2.1.0"
  resolved "https://registry.yarnpkg.com/chroma-js/-/chroma-js-2.1.0.tgz#c0be48a21fe797ef8965608c1c4f911ef2da49d5"
  integrity sha512-uiRdh4ZZy+UTPSrAdp8hqEdVb1EllLtTHOt5TMaOjJUvi+O54/83Fc5K2ld1P+TJX+dw5B+8/sCgzI6eaur/lg==
  dependencies:
    cross-env "^6.0.3"

cross-env@^6.0.3:
  version "6.0.3"
  resolved "https://registry.yarnpkg.com/cross-env/-/cross-env-6.0.3.tgz#4256b71e49b3a40637a0ce70768a6ef5c72ae941"
  integrity sha512-+KqxF6LCvfhWvADcDPqo64yVIB31gv/jQulX2NGzKS/g3GEVz6/pt4wjHFtFWsHMddebWD/sDthJemzM4MaAag==
  dependencies:
    cross-spawn "^7.0.0"

cross-spawn@^7.0.0:
  version "7.0.1"
  resolved "https://registry.yarnpkg.com/cross-spawn/-/cross-spawn-7.0.1.tgz#0ab56286e0f7c24e153d04cc2aa027e43a9a5d14"
  integrity sha512-u7v4o84SwFpD32Z8IIcPZ6z1/ie24O6RU3RbtL5Y316l3KuHVPx9ItBgWQ6VlfAFnRnTtMUrsQ9MUUTuEZjogg==
  dependencies:
    path-key "^3.1.0"
    shebang-command "^2.0.0"
    which "^2.0.1"

dotenv@^8.2.0:
  version "8.2.0"
  resolved "https://registry.yarnpkg.com/dotenv/-/dotenv-8.2.0.tgz#97e619259ada750eea3e4ea3e26bceea5424b16a"
  integrity sha512-8sJ78ElpbDJBHNeBzUbUVLsqKdccaa/BXF1uPTw3GrvQTBgrQrtObr2mUrE38vzYd8cEv+m/JBfDLioYcfXoaw==

encoding@^0.1.11:
  version "0.1.12"
  resolved "https://registry.yarnpkg.com/encoding/-/encoding-0.1.12.tgz#538b66f3ee62cd1ab51ec323829d1f9480c74beb"
  integrity sha1-U4tm8+5izRq1HsMjgp0flIDHS+s=
  dependencies:
    iconv-lite "~0.4.13"

iconv-lite@~0.4.13:
  version "0.4.24"
  resolved "https://registry.yarnpkg.com/iconv-lite/-/iconv-lite-0.4.24.tgz#2022b4b25fbddc21d2f524974a474aafe733908b"
  integrity sha512-v3MXnZAcvnywkTUEZomIActle7RXXeedOR31wwl7VlyoXO4Qi9arvSenNQWne1TcRwhCL1HwLI21bEqdpj8/rA==
  dependencies:
    safer-buffer ">= 2.1.2 < 3"

is-stream@^1.0.1:
  version "1.1.0"
  resolved "https://registry.yarnpkg.com/is-stream/-/is-stream-1.1.0.tgz#12d4a3dd4e68e0b79ceb8dbc84173ae80d91ca44"
  integrity sha1-EtSj3U5o4Lec6428hBc66A2RykQ=

isexe@^2.0.0:
  version "2.0.0"
  resolved "https://registry.yarnpkg.com/isexe/-/isexe-2.0.0.tgz#e8fbf374dc556ff8947a10dcb0572d633f2cfa10"
  integrity sha1-6PvzdNxVb/iUehDcsFctYz8s+hA=

isomorphic-fetch@^2.2.1:
  version "2.2.1"
  resolved "https://registry.yarnpkg.com/isomorphic-fetch/-/isomorphic-fetch-2.2.1.tgz#611ae1acf14f5e81f729507472819fe9733558a9"
  integrity sha1-YRrhrPFPXoH3KVB0coGf6XM1WKk=
  dependencies:
    node-fetch "^1.0.1"
    whatwg-fetch ">=0.10.0"

node-fetch@^1.0.1:
  version "1.7.3"
  resolved "https://registry.yarnpkg.com/node-fetch/-/node-fetch-1.7.3.tgz#980f6f72d85211a5347c6b2bc18c5b84c3eb47ef"
  integrity sha512-NhZ4CsKx7cYm2vSrBAr2PvFOe6sWDf0UYLRqA6svUYg7+/TSfVAu49jYC4BvQ4Sms9SZgdqGBgroqfDhJdTyKQ==
  dependencies:
    encoding "^0.1.11"
    is-stream "^1.0.1"

path-key@^3.1.0:
  version "3.1.1"
  resolved "https://registry.yarnpkg.com/path-key/-/path-key-3.1.1.tgz#581f6ade658cbba65a0d3380de7753295054f375"
  integrity sha512-ojmeN0qd+y0jszEtoY48r0Peq5dwMEkIlCOu6Q5f41lfkswXuKtYrhgoTpLnyIcHm24Uhqx+5Tqm2InSwLhE6Q==

"safer-buffer@>= 2.1.2 < 3":
  version "2.1.2"
  resolved "https://registry.yarnpkg.com/safer-buffer/-/safer-buffer-2.1.2.tgz#44fa161b0187b9549dd84bb91802f9bd8385cd6a"
  integrity sha512-YZo3K82SD7Riyi0E1EQPojLz7kpepnSQI9IyPbHHg1XXXevb5dJI7tpyN2ADxGcQbHG7vcyRHk0cbwqcQriUtg==

shebang-command@^2.0.0:
  version "2.0.0"
  resolved "https://registry.yarnpkg.com/shebang-command/-/shebang-command-2.0.0.tgz#ccd0af4f8835fbdc265b82461aaf0c36663f34ea"
  integrity sha512-kHxr2zZpYtdmrN1qDjrrX/Z1rR1kG8Dx+gkpK1G4eXmvXswmcE1hTWBWYUzlraYw1/yZp6YuDY77YtvbN0dmDA==
  dependencies:
    shebang-regex "^3.0.0"

shebang-regex@^3.0.0:
  version "3.0.0"
  resolved "https://registry.yarnpkg.com/shebang-regex/-/shebang-regex-3.0.0.tgz#ae16f1644d873ecad843b0307b143362d4c42172"
  integrity sha512-7++dFhtcx3353uBaq8DDR4NuxBetBzC7ZQOhmTQInHEd6bSrXdiEyzCvG07Z44UYdLShWUyXt5M/yhz8ekcb1A==

whatwg-fetch@>=0.10.0:
  version "3.0.0"
  resolved "https://registry.yarnpkg.com/whatwg-fetch/-/whatwg-fetch-3.0.0.tgz#fc804e458cc460009b1a2b966bc8817d2578aefb"
  integrity sha512-9GSJUgz1D4MfyKU7KRqwOjXCXTqWdFNvEr7eUBYchQiVc744mqK/MzXPNR2WsPkmkOa4ywfg8C2n8h+13Bey1Q==

which@^2.0.1:
  version "2.0.2"
  resolved "https://registry.yarnpkg.com/which/-/which-2.0.2.tgz#7c6a8dd0a636a0327e10b59c9286eee93f3f51b1"
  integrity sha512-BLI3Tl1TW3Pvl70l3yq3Y64i+awpwXqsGBYWkkqMtnbXgrMD+yj7rhW0kuEDxzJaYXGjEW5ogapKNMEKNMjibA==
  dependencies:
    isexe "^2.0.0"
